// !$*UTF8*$!
{
	archiveVersion = 1;
	classes = {
	};
	objectVersion = 56;
	objects = {

/* Begin PBXBuildFile section */
		FF666D8C2BE1542F00EE15DA /* CategoriesListView.swift in Sources */ = {isa = PBXBuildFile; fileRef = FF666D8B2BE1542F00EE15DA /* CategoriesListView.swift */; };
		FFC5A4022BD2FC9900948E51 /* BankApplicationSwiftUIApp.swift in Sources */ = {isa = PBXBuildFile; fileRef = FFC5A4012BD2FC9900948E51 /* BankApplicationSwiftUIApp.swift */; };
		FFC5A4042BD2FC9900948E51 /* ContentView.swift in Sources */ = {isa = PBXBuildFile; fileRef = FFC5A4032BD2FC9900948E51 /* ContentView.swift */; };
		FFC5A4062BD2FC9B00948E51 /* Assets.xcassets in Resources */ = {isa = PBXBuildFile; fileRef = FFC5A4052BD2FC9B00948E51 /* Assets.xcassets */; };
		FFC5A4092BD2FC9B00948E51 /* Preview Assets.xcassets in Resources */ = {isa = PBXBuildFile; fileRef = FFC5A4082BD2FC9B00948E51 /* Preview Assets.xcassets */; };
		FFC5A40B2BD2FC9B00948E51 /* Persistence.swift in Sources */ = {isa = PBXBuildFile; fileRef = FFC5A40A2BD2FC9B00948E51 /* Persistence.swift */; };
		FFC5A40E2BD2FC9B00948E51 /* BankApplicationSwiftUI.xcdatamodeld in Sources */ = {isa = PBXBuildFile; fileRef = FFC5A40C2BD2FC9B00948E51 /* BankApplicationSwiftUI.xcdatamodeld */; };
		FFC5A4162BD3775D00948E51 /* MainView.swift in Sources */ = {isa = PBXBuildFile; fileRef = FFC5A4152BD3775D00948E51 /* MainView.swift */; };
		FFC5A4182BD3E33A00948E51 /* CreditCardView.swift in Sources */ = {isa = PBXBuildFile; fileRef = FFC5A4172BD3E33A00948E51 /* CreditCardView.swift */; };
		FFC5A41A2BD43D7500948E51 /* AddCardForm.swift in Sources */ = {isa = PBXBuildFile; fileRef = FFC5A4192BD43D7500948E51 /* AddCardForm.swift */; };
		FFC5A41E2BD8E49B00948E51 /* Card.swift in Sources */ = {isa = PBXBuildFile; fileRef = FFC5A41D2BD8E49B00948E51 /* Card.swift */; };
		FFC5A4232BDB8E3900948E51 /* AddTransactionForm.swift in Sources */ = {isa = PBXBuildFile; fileRef = FFC5A4222BDB8E3900948E51 /* AddTransactionForm.swift */; };
		FFC5A4252BDE97A100948E51 /* TransactionsListView.swift in Sources */ = {isa = PBXBuildFile; fileRef = FFC5A4242BDE97A100948E51 /* TransactionsListView.swift */; };
		FFC5A4272BDE9AE300948E51 /* CardTransactionView.swift in Sources */ = {isa = PBXBuildFile; fileRef = FFC5A4262BDE9AE300948E51 /* CardTransactionView.swift */; };
/* End PBXBuildFile section */

/* Begin PBXFileReference section */
		FF666D8B2BE1542F00EE15DA /* CategoriesListView.swift */ = {isa = PBXFileReference; lastKnownFileType = sourcecode.swift; path = CategoriesListView.swift; sourceTree = "<group>"; };
		FFC5A3FE2BD2FC9900948E51 /* BankApplicationSwiftUI.app */ = {isa = PBXFileReference; explicitFileType = wrapper.application; includeInIndex = 0; path = BankApplicationSwiftUI.app; sourceTree = BUILT_PRODUCTS_DIR; };
		FFC5A4012BD2FC9900948E51 /* BankApplicationSwiftUIApp.swift */ = {isa = PBXFileReference; lastKnownFileType = sourcecode.swift; path = BankApplicationSwiftUIApp.swift; sourceTree = "<group>"; };
		FFC5A4032BD2FC9900948E51 /* ContentView.swift */ = {isa = PBXFileReference; lastKnownFileType = sourcecode.swift; path = ContentView.swift; sourceTree = "<group>"; };
		FFC5A4052BD2FC9B00948E51 /* Assets.xcassets */ = {isa = PBXFileReference; lastKnownFileType = folder.assetcatalog; path = Assets.xcassets; sourceTree = "<group>"; };
		FFC5A4082BD2FC9B00948E51 /* Preview Assets.xcassets */ = {isa = PBXFileReference; lastKnownFileType = folder.assetcatalog; path = "Preview Assets.xcassets"; sourceTree = "<group>"; };
		FFC5A40A2BD2FC9B00948E51 /* Persistence.swift */ = {isa = PBXFileReference; lastKnownFileType = sourcecode.swift; path = Persistence.swift; sourceTree = "<group>"; };
		FFC5A40D2BD2FC9B00948E51 /* BankApplicationSwiftUI.xcdatamodel */ = {isa = PBXFileReference; lastKnownFileType = wrapper.xcdatamodel; path = BankApplicationSwiftUI.xcdatamodel; sourceTree = "<group>"; };
		FFC5A4152BD3775D00948E51 /* MainView.swift */ = {isa = PBXFileReference; lastKnownFileType = sourcecode.swift; path = MainView.swift; sourceTree = "<group>"; };
		FFC5A4172BD3E33A00948E51 /* CreditCardView.swift */ = {isa = PBXFileReference; lastKnownFileType = sourcecode.swift; path = CreditCardView.swift; sourceTree = "<group>"; };
		FFC5A4192BD43D7500948E51 /* AddCardForm.swift */ = {isa = PBXFileReference; lastKnownFileType = sourcecode.swift; path = AddCardForm.swift; sourceTree = "<group>"; };
		FFC5A41D2BD8E49B00948E51 /* Card.swift */ = {isa = PBXFileReference; lastKnownFileType = sourcecode.swift; path = Card.swift; sourceTree = "<group>"; };
		FFC5A4222BDB8E3900948E51 /* AddTransactionForm.swift */ = {isa = PBXFileReference; lastKnownFileType = sourcecode.swift; path = AddTransactionForm.swift; sourceTree = "<group>"; };
		FFC5A4242BDE97A100948E51 /* TransactionsListView.swift */ = {isa = PBXFileReference; lastKnownFileType = sourcecode.swift; path = TransactionsListView.swift; sourceTree = "<group>"; };
		FFC5A4262BDE9AE300948E51 /* CardTransactionView.swift */ = {isa = PBXFileReference; lastKnownFileType = sourcecode.swift; path = CardTransactionView.swift; sourceTree = "<group>"; };
/* End PBXFileReference section */

/* Begin PBXFrameworksBuildPhase section */
		FFC5A3FB2BD2FC9900948E51 /* Frameworks */ = {
			isa = PBXFrameworksBuildPhase;
			buildActionMask = 2147483647;
			files = (
			);
			runOnlyForDeploymentPostprocessing = 0;
		};
/* End PBXFrameworksBuildPhase section */

/* Begin PBXGroup section */
		FFC5A3F52BD2FC9900948E51 = {
			isa = PBXGroup;
			children = (
				FFC5A4002BD2FC9900948E51 /* BankApplicationSwiftUI */,
				FFC5A3FF2BD2FC9900948E51 /* Products */,
			);
			sourceTree = "<group>";
		};
		FFC5A3FF2BD2FC9900948E51 /* Products */ = {
			isa = PBXGroup;
			children = (
				FFC5A3FE2BD2FC9900948E51 /* BankApplicationSwiftUI.app */,
			);
			name = Products;
			sourceTree = "<group>";
		};
		FFC5A4002BD2FC9900948E51 /* BankApplicationSwiftUI */ = {
			isa = PBXGroup;
			children = (
				FFC5A4212BDB8DEB00948E51 /* Transaction */,
				FFC5A41C2BD8E47D00948E51 /* Extension */,
				FFC5A4142BD3773600948E51 /* Main */,
				FFC5A4012BD2FC9900948E51 /* BankApplicationSwiftUIApp.swift */,
				FFC5A4032BD2FC9900948E51 /* ContentView.swift */,
				FFC5A4052BD2FC9B00948E51 /* Assets.xcassets */,
				FFC5A40A2BD2FC9B00948E51 /* Persistence.swift */,
				FFC5A40C2BD2FC9B00948E51 /* BankApplicationSwiftUI.xcdatamodeld */,
				FFC5A4072BD2FC9B00948E51 /* Preview Content */,
			);
			path = BankApplicationSwiftUI;
			sourceTree = "<group>";
		};
		FFC5A4072BD2FC9B00948E51 /* Preview Content */ = {
			isa = PBXGroup;
			children = (
				FFC5A4082BD2FC9B00948E51 /* Preview Assets.xcassets */,
			);
			path = "Preview Content";
			sourceTree = "<group>";
		};
		FFC5A4142BD3773600948E51 /* Main */ = {
			isa = PBXGroup;
			children = (
				FFC5A41B2BD5235800948E51 /* AddCard */,
				FFC5A4152BD3775D00948E51 /* MainView.swift */,
				FFC5A4172BD3E33A00948E51 /* CreditCardView.swift */,
			);
			path = Main;
			sourceTree = "<group>";
		};
		FFC5A41B2BD5235800948E51 /* AddCard */ = {
			isa = PBXGroup;
			children = (
				FFC5A4192BD43D7500948E51 /* AddCardForm.swift */,
			);
			path = AddCard;
			sourceTree = "<group>";
		};
		FFC5A41C2BD8E47D00948E51 /* Extension */ = {
			isa = PBXGroup;
			children = (
				FFC5A41D2BD8E49B00948E51 /* Card.swift */,
			);
			path = Extension;
			sourceTree = "<group>";
		};
		FFC5A4212BDB8DEB00948E51 /* Transaction */ = {
			isa = PBXGroup;
			children = (
				FFC5A4222BDB8E3900948E51 /* AddTransactionForm.swift */,
				FFC5A4242BDE97A100948E51 /* TransactionsListView.swift */,
				FFC5A4262BDE9AE300948E51 /* CardTransactionView.swift */,
				FF666D8B2BE1542F00EE15DA /* CategoriesListView.swift */,
			);
			path = Transaction;
			sourceTree = "<group>";
		};
/* End PBXGroup section */

/* Begin PBXNativeTarget section */
		FFC5A3FD2BD2FC9900948E51 /* BankApplicationSwiftUI */ = {
			isa = PBXNativeTarget;
			buildConfigurationList = FFC5A4112BD2FC9B00948E51 /* Build configuration list for PBXNativeTarget "BankApplicationSwiftUI" */;
			buildPhases = (
				FFC5A3FA2BD2FC9900948E51 /* Sources */,
				FFC5A3FB2BD2FC9900948E51 /* Frameworks */,
				FFC5A3FC2BD2FC9900948E51 /* Resources */,
			);
			buildRules = (
			);
			dependencies = (
			);
			name = BankApplicationSwiftUI;
			productName = BankApplicationSwiftUI;
			productReference = FFC5A3FE2BD2FC9900948E51 /* BankApplicationSwiftUI.app */;
			productType = "com.apple.product-type.application";
		};
/* End PBXNativeTarget section */

/* Begin PBXProject section */
		FFC5A3F62BD2FC9900948E51 /* Project object */ = {
			isa = PBXProject;
			attributes = {
				BuildIndependentTargetsInParallel = 1;
				LastSwiftUpdateCheck = 1520;
				LastUpgradeCheck = 1520;
				TargetAttributes = {
					FFC5A3FD2BD2FC9900948E51 = {
						CreatedOnToolsVersion = 15.2;
					};
				};
			};
			buildConfigurationList = FFC5A3F92BD2FC9900948E51 /* Build configuration list for PBXProject "BankApplicationSwiftUI" */;
			compatibilityVersion = "Xcode 14.0";
			developmentRegion = en;
			hasScannedForEncodings = 0;
			knownRegions = (
				en,
				Base,
			);
			mainGroup = FFC5A3F52BD2FC9900948E51;
			productRefGroup = FFC5A3FF2BD2FC9900948E51 /* Products */;
			projectDirPath = "";
			projectRoot = "";
			targets = (
				FFC5A3FD2BD2FC9900948E51 /* BankApplicationSwiftUI */,
			);
		};
/* End PBXProject section */

/* Begin PBXResourcesBuildPhase section */
		FFC5A3FC2BD2FC9900948E51 /* Resources */ = {
			isa = PBXResourcesBuildPhase;
			buildActionMask = 2147483647;
			files = (
				FFC5A4092BD2FC9B00948E51 /* Preview Assets.xcassets in Resources */,
				FFC5A4062BD2FC9B00948E51 /* Assets.xcassets in Resources */,
			);
			runOnlyForDeploymentPostprocessing = 0;
		};
/* End PBXResourcesBuildPhase section */

/* Begin PBXSourcesBuildPhase section */
		FFC5A3FA2BD2FC9900948E51 /* Sources */ = {
			isa = PBXSourcesBuildPhase;
			buildActionMask = 2147483647;
			files = (
				FFC5A4272BDE9AE300948E51 /* CardTransactionView.swift in Sources */,
				FFC5A40B2BD2FC9B00948E51 /* Persistence.swift in Sources */,
				FFC5A4042BD2FC9900948E51 /* ContentView.swift in Sources */,
				FFC5A40E2BD2FC9B00948E51 /* BankApplicationSwiftUI.xcdatamodeld in Sources */,
				FFC5A4162BD3775D00948E51 /* MainView.swift in Sources */,
				FFC5A4232BDB8E3900948E51 /* AddTransactionForm.swift in Sources */,
				FFC5A4252BDE97A100948E51 /* TransactionsListView.swift in Sources */,
				FFC5A41A2BD43D7500948E51 /* AddCardForm.swift in Sources */,
				FF666D8C2BE1542F00EE15DA /* CategoriesListView.swift in Sources */,
				FFC5A4022BD2FC9900948E51 /* BankApplicationSwiftUIApp.swift in Sources */,
				FFC5A4182BD3E33A00948E51 /* CreditCardView.swift in Sources */,
				FFC5A41E2BD8E49B00948E51 /* Card.swift in Sources */,
			);
			runOnlyForDeploymentPostprocessing = 0;
		};
/* End PBXSourcesBuildPhase section */

/* Begin XCBuildConfiguration section */
		FFC5A40F2BD2FC9B00948E51 /* Debug */ = {
			isa = XCBuildConfiguration;
			buildSettings = {
				ALWAYS_SEARCH_USER_PATHS = NO;
				ASSETCATALOG_COMPILER_GENERATE_SWIFT_ASSET_SYMBOL_EXTENSIONS = YES;
				CLANG_ANALYZER_NONNULL = YES;
				CLANG_ANALYZER_NUMBER_OBJECT_CONVERSION = YES_AGGRESSIVE;
				CLANG_CXX_LANGUAGE_STANDARD = "gnu++20";
				CLANG_ENABLE_MODULES = YES;
				CLANG_ENABLE_OBJC_ARC = YES;
				CLANG_ENABLE_OBJC_WEAK = YES;
				CLANG_WARN_BLOCK_CAPTURE_AUTORELEASING = YES;
				CLANG_WARN_BOOL_CONVERSION = YES;
				CLANG_WARN_COMMA = YES;
				CLANG_WARN_CONSTANT_CONVERSION = YES;
				CLANG_WARN_DEPRECATED_OBJC_IMPLEMENTATIONS = YES;
				CLANG_WARN_DIRECT_OBJC_ISA_USAGE = YES_ERROR;
				CLANG_WARN_DOCUMENTATION_COMMENTS = YES;
				CLANG_WARN_EMPTY_BODY = YES;
				CLANG_WARN_ENUM_CONVERSION = YES;
				CLANG_WARN_INFINITE_RECURSION = YES;
				CLANG_WARN_INT_CONVERSION = YES;
				CLANG_WARN_NON_LITERAL_NULL_CONVERSION = YES;
				CLANG_WARN_OBJC_IMPLICIT_RETAIN_SELF = YES;
				CLANG_WARN_OBJC_LITERAL_CONVERSION = YES;
				CLANG_WARN_OBJC_ROOT_CLASS = YES_ERROR;
				CLANG_WARN_QUOTED_INCLUDE_IN_FRAMEWORK_HEADER = YES;
				CLANG_WARN_RANGE_LOOP_ANALYSIS = YES;
				CLANG_WARN_STRICT_PROTOTYPES = YES;
				CLANG_WARN_SUSPICIOUS_MOVE = YES;
				CLANG_WARN_UNGUARDED_AVAILABILITY = YES_AGGRESSIVE;
				CLANG_WARN_UNREACHABLE_CODE = YES;
				CLANG_WARN__DUPLICATE_METHOD_MATCH = YES;
				COPY_PHASE_STRIP = NO;
				DEBUG_INFORMATION_FORMAT = dwarf;
				ENABLE_STRICT_OBJC_MSGSEND = YES;
				ENABLE_TESTABILITY = YES;
				ENABLE_USER_SCRIPT_SANDBOXING = YES;
				GCC_C_LANGUAGE_STANDARD = gnu17;
				GCC_DYNAMIC_NO_PIC = NO;
				GCC_NO_COMMON_BLOCKS = YES;
				GCC_OPTIMIZATION_LEVEL = 0;
				GCC_PREPROCESSOR_DEFINITIONS = (
					"DEBUG=1",
					"$(inherited)",
				);
				GCC_WARN_64_TO_32_BIT_CONVERSION = YES;
				GCC_WARN_ABOUT_RETURN_TYPE = YES_ERROR;
				GCC_WARN_UNDECLARED_SELECTOR = YES;
				GCC_WARN_UNINITIALIZED_AUTOS = YES_AGGRESSIVE;
				GCC_WARN_UNUSED_FUNCTION = YES;
				GCC_WARN_UNUSED_VARIABLE = YES;
				IPHONEOS_DEPLOYMENT_TARGET = 17.2;
				LOCALIZATION_PREFERS_STRING_CATALOGS = YES;
				MTL_ENABLE_DEBUG_INFO = INCLUDE_SOURCE;
				MTL_FAST_MATH = YES;
				ONLY_ACTIVE_ARCH = YES;
				SDKROOT = iphoneos;
				SWIFT_ACTIVE_COMPILATION_CONDITIONS = "DEBUG $(inherited)";
				SWIFT_OPTIMIZATION_LEVEL = "-Onone";
			};
			name = Debug;
		};
		FFC5A4102BD2FC9B00948E51 /* Release */ = {
			isa = XCBuildConfiguration;
			buildSettings = {
				ALWAYS_SEARCH_USER_PATHS = NO;
				ASSETCATALOG_COMPILER_GENERATE_SWIFT_ASSET_SYMBOL_EXTENSIONS = YES;
				CLANG_ANALYZER_NONNULL = YES;
				CLANG_ANALYZER_NUMBER_OBJECT_CONVERSION = YES_AGGRESSIVE;
				CLANG_CXX_LANGUAGE_STANDARD = "gnu++20";
				CLANG_ENABLE_MODULES = YES;
				CLANG_ENABLE_OBJC_ARC = YES;
				CLANG_ENABLE_OBJC_WEAK = YES;
				CLANG_WARN_BLOCK_CAPTURE_AUTORELEASING = YES;
				CLANG_WARN_BOOL_CONVERSION = YES;
				CLANG_WARN_COMMA = YES;
				CLANG_WARN_CONSTANT_CONVERSION = YES;
				CLANG_WARN_DEPRECATED_OBJC_IMPLEMENTATIONS = YES;
				CLANG_WARN_DIRECT_OBJC_ISA_USAGE = YES_ERROR;
				CLANG_WARN_DOCUMENTATION_COMMENTS = YES;
				CLANG_WARN_EMPTY_BODY = YES;
				CLANG_WARN_ENUM_CONVERSION = YES;
				CLANG_WARN_INFINITE_RECURSION = YES;
				CLANG_WARN_INT_CONVERSION = YES;
				CLANG_WARN_NON_LITERAL_NULL_CONVERSION = YES;
				CLANG_WARN_OBJC_IMPLICIT_RETAIN_SELF = YES;
				CLANG_WARN_OBJC_LITERAL_CONVERSION = YES;
				CLANG_WARN_OBJC_ROOT_CLASS = YES_ERROR;
				CLANG_WARN_QUOTED_INCLUDE_IN_FRAMEWORK_HEADER = YES;
				CLANG_WARN_RANGE_LOOP_ANALYSIS = YES;
				CLANG_WARN_STRICT_PROTOTYPES = YES;
				CLANG_WARN_SUSPICIOUS_MOVE = YES;
				CLANG_WARN_UNGUARDED_AVAILABILITY = YES_AGGRESSIVE;
				CLANG_WARN_UNREACHABLE_CODE = YES;
				CLANG_WARN__DUPLICATE_METHOD_MATCH = YES;
				COPY_PHASE_STRIP = NO;
				DEBUG_INFORMATION_FORMAT = "dwarf-with-dsym";
				ENABLE_NS_ASSERTIONS = NO;
				ENABLE_STRICT_OBJC_MSGSEND = YES;
				ENABLE_USER_SCRIPT_SANDBOXING = YES;
				GCC_C_LANGUAGE_STANDARD = gnu17;
				GCC_NO_COMMON_BLOCKS = YES;
				GCC_WARN_64_TO_32_BIT_CONVERSION = YES;
				GCC_WARN_ABOUT_RETURN_TYPE = YES_ERROR;
				GCC_WARN_UNDECLARED_SELECTOR = YES;
				GCC_WARN_UNINITIALIZED_AUTOS = YES_AGGRESSIVE;
				GCC_WARN_UNUSED_FUNCTION = YES;
				GCC_WARN_UNUSED_VARIABLE = YES;
				IPHONEOS_DEPLOYMENT_TARGET = 17.2;
				LOCALIZATION_PREFERS_STRING_CATALOGS = YES;
				MTL_ENABLE_DEBUG_INFO = NO;
				MTL_FAST_MATH = YES;
				SDKROOT = iphoneos;
				SWIFT_COMPILATION_MODE = wholemodule;
				VALIDATE_PRODUCT = YES;
			};
			name = Release;
		};
		FFC5A4122BD2FC9B00948E51 /* Debug */ = {
			isa = XCBuildConfiguration;
			buildSettings = {
				ASSETCATALOG_COMPILER_APPICON_NAME = AppIcon;
				ASSETCATALOG_COMPILER_GLOBAL_ACCENT_COLOR_NAME = AccentColor;
				CODE_SIGN_STYLE = Automatic;
				CURRENT_PROJECT_VERSION = 1;
				DEVELOPMENT_ASSET_PATHS = "\"BankApplicationSwiftUI/Preview Content\"";
				DEVELOPMENT_TEAM = VYT9YM6M52;
				ENABLE_PREVIEWS = YES;
				GENERATE_INFOPLIST_FILE = YES;
				INFOPLIST_KEY_UIApplicationSceneManifest_Generation = YES;
				INFOPLIST_KEY_UIApplicationSupportsIndirectInputEvents = YES;
				INFOPLIST_KEY_UILaunchScreen_Generation = YES;
				INFOPLIST_KEY_UISupportedInterfaceOrientations_iPad = "UIInterfaceOrientationPortrait UIInterfaceOrientationPortraitUpsideDown UIInterfaceOrientationLandscapeLeft UIInterfaceOrientationLandscapeRight";
				INFOPLIST_KEY_UISupportedInterfaceOrientations_iPhone = "UIInterfaceOrientationPortrait UIInterfaceOrientationLandscapeLeft UIInterfaceOrientationLandscapeRight";
				LD_RUNPATH_SEARCH_PATHS = (
					"$(inherited)",
					"@executable_path/Frameworks",
				);
				MARKETING_VERSION = 1.0;
				PRODUCT_BUNDLE_IDENTIFIER = onlineapteka.BankApplicationSwiftUI;
				PRODUCT_NAME = "$(TARGET_NAME)";
				SWIFT_EMIT_LOC_STRINGS = YES;
				SWIFT_VERSION = 5.0;
				TARGETED_DEVICE_FAMILY = "1,2";
			};
			name = Debug;
		};
		FFC5A4132BD2FC9B00948E51 /* Release */ = {
			isa = XCBuildConfiguration;
			buildSettings = {
				ASSETCATALOG_COMPILER_APPICON_NAME = AppIcon;
				ASSETCATALOG_COMPILER_GLOBAL_ACCENT_COLOR_NAME = AccentColor;
				CODE_SIGN_STYLE = Automatic;
				CURRENT_PROJECT_VERSION = 1;
				DEVELOPMENT_ASSET_PATHS = "\"BankApplicationSwiftUI/Preview Content\"";
				DEVELOPMENT_TEAM = VYT9YM6M52;
				ENABLE_PREVIEWS = YES;
				GENERATE_INFOPLIST_FILE = YES;
				INFOPLIST_KEY_UIApplicationSceneManifest_Generation = YES;
				INFOPLIST_KEY_UIApplicationSupportsIndirectInputEvents = YES;
				INFOPLIST_KEY_UILaunchScreen_Generation = YES;
				INFOPLIST_KEY_UISupportedInterfaceOrientations_iPad = "UIInterfaceOrientationPortrait UIInterfaceOrientationPortraitUpsideDown UIInterfaceOrientationLandscapeLeft UIInterfaceOrientationLandscapeRight";
				INFOPLIST_KEY_UISupportedInterfaceOrientations_iPhone = "UIInterfaceOrientationPortrait UIInterfaceOrientationLandscapeLeft UIInterfaceOrientationLandscapeRight";
				LD_RUNPATH_SEARCH_PATHS = (
					"$(inherited)",
					"@executable_path/Frameworks",
				);
				MARKETING_VERSION = 1.0;
				PRODUCT_BUNDLE_IDENTIFIER = onlineapteka.BankApplicationSwiftUI;
				PRODUCT_NAME = "$(TARGET_NAME)";
				SWIFT_EMIT_LOC_STRINGS = YES;
				SWIFT_VERSION = 5.0;
				TARGETED_DEVICE_FAMILY = "1,2";
			};
			name = Release;
		};
/* End XCBuildConfiguration section */

/* Begin XCConfigurationList section */
		FFC5A3F92BD2FC9900948E51 /* Build configuration list for PBXProject "BankApplicationSwiftUI" */ = {
			isa = XCConfigurationList;
			buildConfigurations = (
				FFC5A40F2BD2FC9B00948E51 /* Debug */,
				FFC5A4102BD2FC9B00948E51 /* Release */,
			);
			defaultConfigurationIsVisible = 0;
			defaultConfigurationName = Release;
		};
		FFC5A4112BD2FC9B00948E51 /* Build configuration list for PBXNativeTarget "BankApplicationSwiftUI" */ = {
			isa = XCConfigurationList;
			buildConfigurations = (
				FFC5A4122BD2FC9B00948E51 /* Debug */,
				FFC5A4132BD2FC9B00948E51 /* Release */,
			);
			defaultConfigurationIsVisible = 0;
			defaultConfigurationName = Release;
		};
/* End XCConfigurationList section */

/* Begin XCVersionGroup section */
		FFC5A40C2BD2FC9B00948E51 /* BankApplicationSwiftUI.xcdatamodeld */ = {
			isa = XCVersionGroup;
			children = (
				FFC5A40D2BD2FC9B00948E51 /* BankApplicationSwiftUI.xcdatamodel */,
			);
			currentVersion = FFC5A40D2BD2FC9B00948E51 /* BankApplicationSwiftUI.xcdatamodel */;
			path = BankApplicationSwiftUI.xcdatamodeld;
			sourceTree = "<group>";
			versionGroupType = wrapper.xcdatamodel;
		};
/* End XCVersionGroup section */
	};
	rootObject = FFC5A3F62BD2FC9900948E51 /* Project object */;
}
